// !$*UTF8*$!
{
	archiveVersion = 1;
	classes = {
	};
	objectVersion = 50;
	objects = {

/* Begin PBXBuildFile section */
		496219F123C8615D00A3CBCE /* AppDelegate.m in Sources */ = {isa = PBXBuildFile; fileRef = 496219F023C8615D00A3CBCE /* AppDelegate.m */; };
		496219FC23C8616000A3CBCE /* Assets.xcassets in Resources */ = {isa = PBXBuildFile; fileRef = 496219FB23C8616000A3CBCE /* Assets.xcassets */; };
		49621A0223C8616000A3CBCE /* main.m in Sources */ = {isa = PBXBuildFile; fileRef = 49621A0123C8616000A3CBCE /* main.m */; };
		49621A0E23C87F7900A3CBCE /* AdheseSDK.framework in Frameworks */ = {isa = PBXBuildFile; fileRef = 49621A0D23C87F7900A3CBCE /* AdheseSDK.framework */; };
		49621A0F23C87F7900A3CBCE /* AdheseSDK.framework in Embed Frameworks */ = {isa = PBXBuildFile; fileRef = 49621A0D23C87F7900A3CBCE /* AdheseSDK.framework */; settings = {ATTRIBUTES = (CodeSignOnCopy, RemoveHeadersOnCopy, ); }; };
		49621A1E23C88C0100A3CBCE /* LaunchScreen.storyboard in Resources */ = {isa = PBXBuildFile; fileRef = 49621A1D23C88C0100A3CBCE /* LaunchScreen.storyboard */; };
		49621A2223C88F7600A3CBCE /* MainViewController.m in Sources */ = {isa = PBXBuildFile; fileRef = 49621A2023C88F7600A3CBCE /* MainViewController.m */; };
		49621A2323C88F7600A3CBCE /* MainViewController.xib in Resources */ = {isa = PBXBuildFile; fileRef = 49621A2123C88F7600A3CBCE /* MainViewController.xib */; };
/* End PBXBuildFile section */

/* Begin PBXCopyFilesBuildPhase section */
		49621A1023C87F7900A3CBCE /* Embed Frameworks */ = {
			isa = PBXCopyFilesBuildPhase;
			buildActionMask = 2147483647;
			dstPath = "";
			dstSubfolderSpec = 10;
			files = (
				49621A0F23C87F7900A3CBCE /* AdheseSDK.framework in Embed Frameworks */,
			);
			name = "Embed Frameworks";
			runOnlyForDeploymentPostprocessing = 0;
		};
/* End PBXCopyFilesBuildPhase section */

/* Begin PBXFileReference section */
		496219EC23C8615D00A3CBCE /* Adhese.app */ = {isa = PBXFileReference; explicitFileType = wrapper.application; includeInIndex = 0; path = Adhese.app; sourceTree = BUILT_PRODUCTS_DIR; };
		496219EF23C8615D00A3CBCE /* AppDelegate.h */ = {isa = PBXFileReference; lastKnownFileType = sourcecode.c.h; path = AppDelegate.h; sourceTree = "<group>"; };
		496219F023C8615D00A3CBCE /* AppDelegate.m */ = {isa = PBXFileReference; lastKnownFileType = sourcecode.c.objc; path = AppDelegate.m; sourceTree = "<group>"; };
		496219FB23C8616000A3CBCE /* Assets.xcassets */ = {isa = PBXFileReference; lastKnownFileType = folder.assetcatalog; path = Assets.xcassets; sourceTree = "<group>"; };
		49621A0023C8616000A3CBCE /* Info.plist */ = {isa = PBXFileReference; lastKnownFileType = text.plist.xml; path = Info.plist; sourceTree = "<group>"; };
		49621A0123C8616000A3CBCE /* main.m */ = {isa = PBXFileReference; lastKnownFileType = sourcecode.c.objc; path = main.m; sourceTree = "<group>"; };
		49621A0D23C87F7900A3CBCE /* AdheseSDK.framework */ = {isa = PBXFileReference; explicitFileType = wrapper.framework; path = AdheseSDK.framework; sourceTree = BUILT_PRODUCTS_DIR; };
		49621A1D23C88C0100A3CBCE /* LaunchScreen.storyboard */ = {isa = PBXFileReference; lastKnownFileType = file.storyboard; path = LaunchScreen.storyboard; sourceTree = "<group>"; };
		49621A1F23C88F7600A3CBCE /* MainViewController.h */ = {isa = PBXFileReference; lastKnownFileType = sourcecode.c.h; path = MainViewController.h; sourceTree = "<group>"; };
		49621A2023C88F7600A3CBCE /* MainViewController.m */ = {isa = PBXFileReference; lastKnownFileType = sourcecode.c.objc; path = MainViewController.m; sourceTree = "<group>"; };
		49621A2123C88F7600A3CBCE /* MainViewController.xib */ = {isa = PBXFileReference; lastKnownFileType = file.xib; path = MainViewController.xib; sourceTree = "<group>"; };
/* End PBXFileReference section */

/* Begin PBXFrameworksBuildPhase section */
		496219E923C8615D00A3CBCE /* Frameworks */ = {
			isa = PBXFrameworksBuildPhase;
			buildActionMask = 2147483647;
			files = (
				49621A0E23C87F7900A3CBCE /* AdheseSDK.framework in Frameworks */,
			);
			runOnlyForDeploymentPostprocessing = 0;
		};
/* End PBXFrameworksBuildPhase section */

/* Begin PBXGroup section */
		496219E323C8615D00A3CBCE = {
			isa = PBXGroup;
			children = (
				496219EE23C8615D00A3CBCE /* Adhese SDK Sample */,
				496219ED23C8615D00A3CBCE /* Products */,
				49621A0823C87ED300A3CBCE /* Frameworks */,
			);
			sourceTree = "<group>";
		};
		496219ED23C8615D00A3CBCE /* Products */ = {
			isa = PBXGroup;
			children = (
				496219EC23C8615D00A3CBCE /* Adhese.app */,
			);
			name = Products;
			sourceTree = "<group>";
		};
		496219EE23C8615D00A3CBCE /* Adhese SDK Sample */ = {
			isa = PBXGroup;
			children = (
				49621A1323C88AE700A3CBCE /* UI */,
				496219EF23C8615D00A3CBCE /* AppDelegate.h */,
				496219F023C8615D00A3CBCE /* AppDelegate.m */,
				496219FB23C8616000A3CBCE /* Assets.xcassets */,
				49621A0023C8616000A3CBCE /* Info.plist */,
				49621A0123C8616000A3CBCE /* main.m */,
			);
			path = "Adhese SDK Sample";
			sourceTree = "<group>";
		};
		49621A0823C87ED300A3CBCE /* Frameworks */ = {
			isa = PBXGroup;
			children = (
				49621A0D23C87F7900A3CBCE /* AdheseSDK.framework */,
			);
			name = Frameworks;
			sourceTree = "<group>";
		};
		49621A1323C88AE700A3CBCE /* UI */ = {
			isa = PBXGroup;
			children = (
				49621A1F23C88F7600A3CBCE /* MainViewController.h */,
				49621A2023C88F7600A3CBCE /* MainViewController.m */,
				49621A2123C88F7600A3CBCE /* MainViewController.xib */,
				49621A1D23C88C0100A3CBCE /* LaunchScreen.storyboard */,
			);
			path = UI;
			sourceTree = "<group>";
		};
/* End PBXGroup section */

/* Begin PBXNativeTarget section */
		496219EB23C8615D00A3CBCE /* Adhese SDK Sample */ = {
			isa = PBXNativeTarget;
			buildConfigurationList = 49621A0523C8616000A3CBCE /* Build configuration list for PBXNativeTarget "Adhese SDK Sample" */;
			buildPhases = (
				496219E823C8615D00A3CBCE /* Sources */,
				496219E923C8615D00A3CBCE /* Frameworks */,
				496219EA23C8615D00A3CBCE /* Resources */,
				49621A1023C87F7900A3CBCE /* Embed Frameworks */,
			);
			buildRules = (
			);
			dependencies = (
			);
			name = "Adhese SDK Sample";
			productName = "Adhese SDK Sample";
			productReference = 496219EC23C8615D00A3CBCE /* Adhese.app */;
			productType = "com.apple.product-type.application";
		};
/* End PBXNativeTarget section */

/* Begin PBXProject section */
		496219E423C8615D00A3CBCE /* Project object */ = {
			isa = PBXProject;
			attributes = {
				LastUpgradeCheck = 1130;
				ORGANIZATIONNAME = "Axel Jonckheere";
				TargetAttributes = {
					496219EB23C8615D00A3CBCE = {
						CreatedOnToolsVersion = 11.3;
					};
				};
			};
			buildConfigurationList = 496219E723C8615D00A3CBCE /* Build configuration list for PBXProject "Adhese SDK Sample" */;
			compatibilityVersion = "Xcode 9.3";
			developmentRegion = en;
			hasScannedForEncodings = 0;
			knownRegions = (
				en,
				Base,
			);
			mainGroup = 496219E323C8615D00A3CBCE;
			productRefGroup = 496219ED23C8615D00A3CBCE /* Products */;
			projectDirPath = "";
			projectRoot = "";
			targets = (
				496219EB23C8615D00A3CBCE /* Adhese SDK Sample */,
			);
		};
/* End PBXProject section */

/* Begin PBXResourcesBuildPhase section */
		496219EA23C8615D00A3CBCE /* Resources */ = {
			isa = PBXResourcesBuildPhase;
			buildActionMask = 2147483647;
			files = (
				49621A1E23C88C0100A3CBCE /* LaunchScreen.storyboard in Resources */,
				49621A2323C88F7600A3CBCE /* MainViewController.xib in Resources */,
				496219FC23C8616000A3CBCE /* Assets.xcassets in Resources */,
			);
			runOnlyForDeploymentPostprocessing = 0;
		};
/* End PBXResourcesBuildPhase section */

/* Begin PBXSourcesBuildPhase section */
		496219E823C8615D00A3CBCE /* Sources */ = {
			isa = PBXSourcesBuildPhase;
			buildActionMask = 2147483647;
			files = (
				496219F123C8615D00A3CBCE /* AppDelegate.m in Sources */,
				49621A2223C88F7600A3CBCE /* MainViewController.m in Sources */,
				49621A0223C8616000A3CBCE /* main.m in Sources */,
			);
			runOnlyForDeploymentPostprocessing = 0;
		};
/* End PBXSourcesBuildPhase section */

/* Begin XCBuildConfiguration section */
		49621A0323C8616000A3CBCE /* Debug */ = {
			isa = XCBuildConfiguration;
			buildSettings = {
				ALWAYS_SEARCH_USER_PATHS = NO;
				CLANG_ANALYZER_NONNULL = YES;
				CLANG_ANALYZER_NUMBER_OBJECT_CONVERSION = YES_AGGRESSIVE;
				CLANG_CXX_LANGUAGE_STANDARD = "gnu++14";
				CLANG_CXX_LIBRARY = "libc++";
				CLANG_ENABLE_MODULES = YES;
				CLANG_ENABLE_OBJC_ARC = YES;
				CLANG_ENABLE_OBJC_WEAK = YES;
				CLANG_WARN_BLOCK_CAPTURE_AUTORELEASING = YES;
				CLANG_WARN_BOOL_CONVERSION = YES;
				CLANG_WARN_COMMA = YES;
				CLANG_WARN_CONSTANT_CONVERSION = YES;
				CLANG_WARN_DEPRECATED_OBJC_IMPLEMENTATIONS = YES;
				CLANG_WARN_DIRECT_OBJC_ISA_USAGE = YES_ERROR;
				CLANG_WARN_DOCUMENTATION_COMMENTS = YES;
				CLANG_WARN_EMPTY_BODY = YES;
				CLANG_WARN_ENUM_CONVERSION = YES;
				CLANG_WARN_INFINITE_RECURSION = YES;
				CLANG_WARN_INT_CONVERSION = YES;
				CLANG_WARN_NON_LITERAL_NULL_CONVERSION = YES;
				CLANG_WARN_OBJC_IMPLICIT_RETAIN_SELF = YES;
				CLANG_WARN_OBJC_LITERAL_CONVERSION = YES;
				CLANG_WARN_OBJC_ROOT_CLASS = YES_ERROR;
				CLANG_WARN_RANGE_LOOP_ANALYSIS = YES;
				CLANG_WARN_STRICT_PROTOTYPES = YES;
				CLANG_WARN_SUSPICIOUS_MOVE = YES;
				CLANG_WARN_UNGUARDED_AVAILABILITY = YES_AGGRESSIVE;
				CLANG_WARN_UNREACHABLE_CODE = YES;
				CLANG_WARN__DUPLICATE_METHOD_MATCH = YES;
				COPY_PHASE_STRIP = NO;
				DEBUG_INFORMATION_FORMAT = dwarf;
				ENABLE_STRICT_OBJC_MSGSEND = YES;
				ENABLE_TESTABILITY = YES;
				GCC_C_LANGUAGE_STANDARD = gnu11;
				GCC_DYNAMIC_NO_PIC = NO;
				GCC_NO_COMMON_BLOCKS = YES;
				GCC_OPTIMIZATION_LEVEL = 0;
				GCC_PREPROCESSOR_DEFINITIONS = (
					"DEBUG=1",
					"$(inherited)",
				);
				GCC_WARN_64_TO_32_BIT_CONVERSION = YES;
				GCC_WARN_ABOUT_RETURN_TYPE = YES_ERROR;
				GCC_WARN_UNDECLARED_SELECTOR = YES;
				GCC_WARN_UNINITIALIZED_AUTOS = YES_AGGRESSIVE;
				GCC_WARN_UNUSED_FUNCTION = YES;
				GCC_WARN_UNUSED_VARIABLE = YES;
				IPHONEOS_DEPLOYMENT_TARGET = 9.0;
				MTL_ENABLE_DEBUG_INFO = INCLUDE_SOURCE;
				MTL_FAST_MATH = YES;
				ONLY_ACTIVE_ARCH = YES;
				SDKROOT = iphoneos;
			};
			name = Debug;
		};
		49621A0423C8616000A3CBCE /* Release */ = {
			isa = XCBuildConfiguration;
			buildSettings = {
				ALWAYS_SEARCH_USER_PATHS = NO;
				CLANG_ANALYZER_NONNULL = YES;
				CLANG_ANALYZER_NUMBER_OBJECT_CONVERSION = YES_AGGRESSIVE;
				CLANG_CXX_LANGUAGE_STANDARD = "gnu++14";
				CLANG_CXX_LIBRARY = "libc++";
				CLANG_ENABLE_MODULES = YES;
				CLANG_ENABLE_OBJC_ARC = YES;
				CLANG_ENABLE_OBJC_WEAK = YES;
				CLANG_WARN_BLOCK_CAPTURE_AUTORELEASING = YES;
				CLANG_WARN_BOOL_CONVERSION = YES;
				CLANG_WARN_COMMA = YES;
				CLANG_WARN_CONSTANT_CONVERSION = YES;
				CLANG_WARN_DEPRECATED_OBJC_IMPLEMENTATIONS = YES;
				CLANG_WARN_DIRECT_OBJC_ISA_USAGE = YES_ERROR;
				CLANG_WARN_DOCUMENTATION_COMMENTS = YES;
				CLANG_WARN_EMPTY_BODY = YES;
				CLANG_WARN_ENUM_CONVERSION = YES;
				CLANG_WARN_INFINITE_RECURSION = YES;
				CLANG_WARN_INT_CONVERSION = YES;
				CLANG_WARN_NON_LITERAL_NULL_CONVERSION = YES;
				CLANG_WARN_OBJC_IMPLICIT_RETAIN_SELF = YES;
				CLANG_WARN_OBJC_LITERAL_CONVERSION = YES;
				CLANG_WARN_OBJC_ROOT_CLASS = YES_ERROR;
				CLANG_WARN_RANGE_LOOP_ANALYSIS = YES;
				CLANG_WARN_STRICT_PROTOTYPES = YES;
				CLANG_WARN_SUSPICIOUS_MOVE = YES;
				CLANG_WARN_UNGUARDED_AVAILABILITY = YES_AGGRESSIVE;
				CLANG_WARN_UNREACHABLE_CODE = YES;
				CLANG_WARN__DUPLICATE_METHOD_MATCH = YES;
				COPY_PHASE_STRIP = NO;
				DEBUG_INFORMATION_FORMAT = "dwarf-with-dsym";
				ENABLE_NS_ASSERTIONS = NO;
				ENABLE_STRICT_OBJC_MSGSEND = YES;
				GCC_C_LANGUAGE_STANDARD = gnu11;
				GCC_NO_COMMON_BLOCKS = YES;
				GCC_WARN_64_TO_32_BIT_CONVERSION = YES;
				GCC_WARN_ABOUT_RETURN_TYPE = YES_ERROR;
				GCC_WARN_UNDECLARED_SELECTOR = YES;
				GCC_WARN_UNINITIALIZED_AUTOS = YES_AGGRESSIVE;
				GCC_WARN_UNUSED_FUNCTION = YES;
				GCC_WARN_UNUSED_VARIABLE = YES;
				IPHONEOS_DEPLOYMENT_TARGET = 9.0;
				MTL_ENABLE_DEBUG_INFO = NO;
				MTL_FAST_MATH = YES;
				SDKROOT = iphoneos;
				VALIDATE_PRODUCT = YES;
			};
			name = Release;
		};
		49621A0623C8616000A3CBCE /* Debug */ = {
			isa = XCBuildConfiguration;
			buildSettings = {
				ASSETCATALOG_COMPILER_APPICON_NAME = AppIcon;
				CODE_SIGN_STYLE = Automatic;
				DEVELOPMENT_TEAM = LL8E8RN35L;
				INFOPLIST_FILE = "Adhese SDK Sample/Info.plist";
				IPHONEOS_DEPLOYMENT_TARGET = 9.0;
				LD_RUNPATH_SEARCH_PATHS = (
					"$(inherited)",
					"@executable_path/Frameworks",
				);
				MARKETING_VERSION = 1.0.2;
				PRODUCT_BUNDLE_IDENTIFIER = com.endare.adhesesdk.sampleapp;
				PRODUCT_NAME = Adhese;
				TARGETED_DEVICE_FAMILY = "1,2";
			};
			name = Debug;
		};
		49621A0723C8616000A3CBCE /* Release */ = {
			isa = XCBuildConfiguration;
			buildSettings = {
				ASSETCATALOG_COMPILER_APPICON_NAME = AppIcon;
				CODE_SIGN_STYLE = Automatic;
				DEVELOPMENT_TEAM = LL8E8RN35L;
				INFOPLIST_FILE = "Adhese SDK Sample/Info.plist";
				IPHONEOS_DEPLOYMENT_TARGET = 9.0;
				LD_RUNPATH_SEARCH_PATHS = (
					"$(inherited)",
					"@executable_path/Frameworks",
				);
				MARKETING_VERSION = 1.0.2;
				PRODUCT_BUNDLE_IDENTIFIER = com.endare.adhesesdk.sampleapp;
				PRODUCT_NAME = Adhese;
				TARGETED_DEVICE_FAMILY = "1,2";
			};
			name = Release;
		};
/* End XCBuildConfiguration section */

/* Begin XCConfigurationList section */
		496219E723C8615D00A3CBCE /* Build configuration list for PBXProject "Adhese SDK Sample" */ = {
			isa = XCConfigurationList;
			buildConfigurations = (
				49621A0323C8616000A3CBCE /* Debug */,
				49621A0423C8616000A3CBCE /* Release */,
			);
			defaultConfigurationIsVisible = 0;
			defaultConfigurationName = Release;
		};
		49621A0523C8616000A3CBCE /* Build configuration list for PBXNativeTarget "Adhese SDK Sample" */ = {
			isa = XCConfigurationList;
			buildConfigurations = (
				49621A0623C8616000A3CBCE /* Debug */,
				49621A0723C8616000A3CBCE /* Release */,
			);
			defaultConfigurationIsVisible = 0;
			defaultConfigurationName = Release;
		};
/* End XCConfigurationList section */
	};
	rootObject = 496219E423C8615D00A3CBCE /* Project object */;
}
