// !$*UTF8*$!
{
	archiveVersion = 1;
	classes = {
	};
	objectVersion = 50;
	objects = {

/* Begin PBXBuildFile section */
		49621A2923C8AD6B00A3CBCE /* AdheseAPIResponse.h in Headers */ = {isa = PBXBuildFile; fileRef = 49621A2723C8AD6B00A3CBCE /* AdheseAPIResponse.h */; settings = {ATTRIBUTES = (Public, ); }; };
		49621A2A23C8AD6B00A3CBCE /* AdheseAPIResponse.m in Sources */ = {isa = PBXBuildFile; fileRef = 49621A2823C8AD6B00A3CBCE /* AdheseAPIResponse.m */; };
		49621A2E23CC77E400A3CBCE /* DeviceUtils.h in Headers */ = {isa = PBXBuildFile; fileRef = 49621A2C23CC77E400A3CBCE /* DeviceUtils.h */; };
		49621A2F23CC77E400A3CBCE /* DeviceUtils.m in Sources */ = {isa = PBXBuildFile; fileRef = 49621A2D23CC77E400A3CBCE /* DeviceUtils.m */; };
		49621A3223CCADB400A3CBCE /* JSONUtils.h in Headers */ = {isa = PBXBuildFile; fileRef = 49621A3023CCADB400A3CBCE /* JSONUtils.h */; };
		49621A3323CCADB400A3CBCE /* JSONUtils.m in Sources */ = {isa = PBXBuildFile; fileRef = 49621A3123CCADB400A3CBCE /* JSONUtils.m */; };
		497B6C5323E03F7900376B4D /* adhese_size_reporter.js in Resources */ = {isa = PBXBuildFile; fileRef = 497B6C5223E03F7900376B4D /* adhese_size_reporter.js */; };
		497B6C5623E040FB00376B4D /* FileUtils.h in Headers */ = {isa = PBXBuildFile; fileRef = 497B6C5423E040FB00376B4D /* FileUtils.h */; };
		497B6C5723E040FB00376B4D /* FileUtils.m in Sources */ = {isa = PBXBuildFile; fileRef = 497B6C5523E040FB00376B4D /* FileUtils.m */; };
		49828DA423DAE36C003EA345 /* adhese_ad_wrapper.html in Resources */ = {isa = PBXBuildFile; fileRef = 49828DA323DAE36C003EA345 /* adhese_ad_wrapper.html */; };
		4999DB6D23C5CD460048F138 /* AdheseSDK.h in Headers */ = {isa = PBXBuildFile; fileRef = 4999DB6B23C5CD460048F138 /* AdheseSDK.h */; settings = {ATTRIBUTES = (Public, ); }; };
		4999DB7523C5D8B50048F138 /* Adhese.h in Headers */ = {isa = PBXBuildFile; fileRef = 4999DB7323C5D8B50048F138 /* Adhese.h */; settings = {ATTRIBUTES = (Public, ); }; };
		4999DB7623C5D8B50048F138 /* Adhese.m in Sources */ = {isa = PBXBuildFile; fileRef = 4999DB7423C5D8B50048F138 /* Adhese.m */; };
		4999DB7A23C5E10A0048F138 /* AdheseLogger.h in Headers */ = {isa = PBXBuildFile; fileRef = 4999DB7823C5E10A0048F138 /* AdheseLogger.h */; };
		4999DB7B23C5E10A0048F138 /* AdheseLogger.m in Sources */ = {isa = PBXBuildFile; fileRef = 4999DB7923C5E10A0048F138 /* AdheseLogger.m */; };
		4999DB7E23C6067C0048F138 /* AdheseOptions.h in Headers */ = {isa = PBXBuildFile; fileRef = 4999DB7C23C6067C0048F138 /* AdheseOptions.h */; settings = {ATTRIBUTES = (Public, ); }; };
		4999DB7F23C6067C0048F138 /* AdheseOptions.m in Sources */ = {isa = PBXBuildFile; fileRef = 4999DB7D23C6067C0048F138 /* AdheseOptions.m */; };
		4999DB8323C609C40048F138 /* Device.h in Headers */ = {isa = PBXBuildFile; fileRef = 4999DB8123C609C40048F138 /* Device.h */; settings = {ATTRIBUTES = (Public, ); }; };
		4999DB8423C609C40048F138 /* Device.m in Sources */ = {isa = PBXBuildFile; fileRef = 4999DB8223C609C40048F138 /* Device.m */; };
		4999DB8723C609D80048F138 /* CookieMode.h in Headers */ = {isa = PBXBuildFile; fileRef = 4999DB8523C609D80048F138 /* CookieMode.h */; settings = {ATTRIBUTES = (Public, ); }; };
		4999DB8A23C60A5D0048F138 /* URLParameter.h in Headers */ = {isa = PBXBuildFile; fileRef = 4999DB8923C60A5D0048F138 /* URLParameter.h */; settings = {ATTRIBUTES = (Public, ); }; };
		4999DB8C23C70B5F0048F138 /* DeviceType.h in Headers */ = {isa = PBXBuildFile; fileRef = 4999DB8B23C70B5F0048F138 /* DeviceType.h */; };
		4999DB8E23C7163A0048F138 /* AdheseParameter.h in Headers */ = {isa = PBXBuildFile; fileRef = 4999DB8D23C7163A0048F138 /* AdheseParameter.h */; };
		4999DB9123C71C240048F138 /* Ad.h in Headers */ = {isa = PBXBuildFile; fileRef = 4999DB8F23C71C240048F138 /* Ad.h */; settings = {ATTRIBUTES = (Public, ); }; };
		4999DB9223C71C240048F138 /* Ad.m in Sources */ = {isa = PBXBuildFile; fileRef = 4999DB9023C71C240048F138 /* Ad.m */; };
		4999DB9623C73D1B0048F138 /* AdheseAPI.h in Headers */ = {isa = PBXBuildFile; fileRef = 4999DB9423C73D1B0048F138 /* AdheseAPI.h */; settings = {ATTRIBUTES = (Public, ); }; };
		4999DB9723C73D1B0048F138 /* AdheseAPI.m in Sources */ = {isa = PBXBuildFile; fileRef = 4999DB9523C73D1B0048F138 /* AdheseAPI.m */; };
		4999DB9A23C73DA60048F138 /* APIManager.h in Headers */ = {isa = PBXBuildFile; fileRef = 4999DB9823C73DA60048F138 /* APIManager.h */; settings = {ATTRIBUTES = (Public, ); }; };
		4999DB9B23C73DA60048F138 /* APIManager.m in Sources */ = {isa = PBXBuildFile; fileRef = 4999DB9923C73DA60048F138 /* APIManager.m */; };
		49C7F1DF23CEF52100205C19 /* AdheseError.h in Headers */ = {isa = PBXBuildFile; fileRef = 49C7F1DD23CEF52100205C19 /* AdheseError.h */; settings = {ATTRIBUTES = (Public, ); }; };
		49C7F1E023CEF52100205C19 /* AdheseError.m in Sources */ = {isa = PBXBuildFile; fileRef = 49C7F1DE23CEF52100205C19 /* AdheseError.m */; };
		49C7F1E223CEF56400205C19 /* AdheseErrorCode.h in Headers */ = {isa = PBXBuildFile; fileRef = 49C7F1E123CEF56400205C19 /* AdheseErrorCode.h */; settings = {ATTRIBUTES = (Public, ); }; };
		49D9099723F6826E003D210B /* LICENSE in Resources */ = {isa = PBXBuildFile; fileRef = 49D9099623F6826E003D210B /* LICENSE */; };
		49D9099B23F689F3003D210B /* Adhese.podspec in Resources */ = {isa = PBXBuildFile; fileRef = 49D9099A23F689F3003D210B /* Adhese.podspec */; };
		49E3B1AF23ED67A000C3657D /* ViewUtils.h in Headers */ = {isa = PBXBuildFile; fileRef = 49E3B1AD23ED67A000C3657D /* ViewUtils.h */; };
		49E3B1B023ED67A000C3657D /* ViewUtils.m in Sources */ = {isa = PBXBuildFile; fileRef = 49E3B1AE23ED67A000C3657D /* ViewUtils.m */; };
		C5B3D9562539AB430016F183 /* AdheseSDKTests.m in Sources */ = {isa = PBXBuildFile; fileRef = C5B3D9552539AB430016F183 /* AdheseSDKTests.m */; };
		C5B3D9582539AB430016F183 /* AdheseSDK.framework in Frameworks */ = {isa = PBXBuildFile; fileRef = 4999DB6823C5CD460048F138 /* AdheseSDK.framework */; };
		C7421DCC23FEFF730010A7C6 /* AdView.h in Headers */ = {isa = PBXBuildFile; fileRef = C7421DCA23FEFF730010A7C6 /* AdView.h */; settings = {ATTRIBUTES = (Public, ); }; };
		C7421DCD23FEFF730010A7C6 /* AdView.m in Sources */ = {isa = PBXBuildFile; fileRef = C7421DCB23FEFF730010A7C6 /* AdView.m */; };
		C7421DCF23FEFFF00010A7C6 /* AdView.xib in Resources */ = {isa = PBXBuildFile; fileRef = C7421DCE23FEFFF00010A7C6 /* AdView.xib */; };
/* End PBXBuildFile section */

/* Begin PBXContainerItemProxy section */
		C5B3D9592539AB430016F183 /* PBXContainerItemProxy */ = {
			isa = PBXContainerItemProxy;
			containerPortal = 4999DB5F23C5CD450048F138 /* Project object */;
			proxyType = 1;
			remoteGlobalIDString = 4999DB6723C5CD460048F138;
			remoteInfo = "Adhese SDK";
		};
/* End PBXContainerItemProxy section */

/* Begin PBXFileReference section */
		49621A1123C8842500A3CBCE /* README.md */ = {isa = PBXFileReference; fileEncoding = 4; lastKnownFileType = net.daringfireball.markdown; path = README.md; sourceTree = SOURCE_ROOT; };
		49621A2723C8AD6B00A3CBCE /* AdheseAPIResponse.h */ = {isa = PBXFileReference; lastKnownFileType = sourcecode.c.h; path = AdheseAPIResponse.h; sourceTree = "<group>"; };
		49621A2823C8AD6B00A3CBCE /* AdheseAPIResponse.m */ = {isa = PBXFileReference; lastKnownFileType = sourcecode.c.objc; path = AdheseAPIResponse.m; sourceTree = "<group>"; };
		49621A2C23CC77E400A3CBCE /* DeviceUtils.h */ = {isa = PBXFileReference; lastKnownFileType = sourcecode.c.h; path = DeviceUtils.h; sourceTree = "<group>"; };
		49621A2D23CC77E400A3CBCE /* DeviceUtils.m */ = {isa = PBXFileReference; lastKnownFileType = sourcecode.c.objc; path = DeviceUtils.m; sourceTree = "<group>"; };
		49621A3023CCADB400A3CBCE /* JSONUtils.h */ = {isa = PBXFileReference; lastKnownFileType = sourcecode.c.h; path = JSONUtils.h; sourceTree = "<group>"; };
		49621A3123CCADB400A3CBCE /* JSONUtils.m */ = {isa = PBXFileReference; lastKnownFileType = sourcecode.c.objc; path = JSONUtils.m; sourceTree = "<group>"; };
		497B6C5223E03F7900376B4D /* adhese_size_reporter.js */ = {isa = PBXFileReference; lastKnownFileType = sourcecode.javascript; path = adhese_size_reporter.js; sourceTree = "<group>"; };
		497B6C5423E040FB00376B4D /* FileUtils.h */ = {isa = PBXFileReference; lastKnownFileType = sourcecode.c.h; path = FileUtils.h; sourceTree = "<group>"; };
		497B6C5523E040FB00376B4D /* FileUtils.m */ = {isa = PBXFileReference; lastKnownFileType = sourcecode.c.objc; path = FileUtils.m; sourceTree = "<group>"; };
		49828DA323DAE36C003EA345 /* adhese_ad_wrapper.html */ = {isa = PBXFileReference; lastKnownFileType = text.html; path = adhese_ad_wrapper.html; sourceTree = "<group>"; };
		4999DB6823C5CD460048F138 /* AdheseSDK.framework */ = {isa = PBXFileReference; explicitFileType = wrapper.framework; includeInIndex = 0; path = AdheseSDK.framework; sourceTree = BUILT_PRODUCTS_DIR; };
		4999DB6B23C5CD460048F138 /* AdheseSDK.h */ = {isa = PBXFileReference; lastKnownFileType = sourcecode.c.h; path = AdheseSDK.h; sourceTree = "<group>"; };
		4999DB6C23C5CD460048F138 /* Info.plist */ = {isa = PBXFileReference; lastKnownFileType = text.plist.xml; path = Info.plist; sourceTree = "<group>"; };
		4999DB7323C5D8B50048F138 /* Adhese.h */ = {isa = PBXFileReference; lastKnownFileType = sourcecode.c.h; path = Adhese.h; sourceTree = "<group>"; };
		4999DB7423C5D8B50048F138 /* Adhese.m */ = {isa = PBXFileReference; lastKnownFileType = sourcecode.c.objc; path = Adhese.m; sourceTree = "<group>"; };
		4999DB7823C5E10A0048F138 /* AdheseLogger.h */ = {isa = PBXFileReference; lastKnownFileType = sourcecode.c.h; path = AdheseLogger.h; sourceTree = "<group>"; };
		4999DB7923C5E10A0048F138 /* AdheseLogger.m */ = {isa = PBXFileReference; lastKnownFileType = sourcecode.c.objc; path = AdheseLogger.m; sourceTree = "<group>"; };
		4999DB7C23C6067C0048F138 /* AdheseOptions.h */ = {isa = PBXFileReference; lastKnownFileType = sourcecode.c.h; path = AdheseOptions.h; sourceTree = "<group>"; };
		4999DB7D23C6067C0048F138 /* AdheseOptions.m */ = {isa = PBXFileReference; lastKnownFileType = sourcecode.c.objc; path = AdheseOptions.m; sourceTree = "<group>"; };
		4999DB8123C609C40048F138 /* Device.h */ = {isa = PBXFileReference; lastKnownFileType = sourcecode.c.h; path = Device.h; sourceTree = "<group>"; };
		4999DB8223C609C40048F138 /* Device.m */ = {isa = PBXFileReference; lastKnownFileType = sourcecode.c.objc; path = Device.m; sourceTree = "<group>"; };
		4999DB8523C609D80048F138 /* CookieMode.h */ = {isa = PBXFileReference; lastKnownFileType = sourcecode.c.h; path = CookieMode.h; sourceTree = "<group>"; };
		4999DB8923C60A5D0048F138 /* URLParameter.h */ = {isa = PBXFileReference; lastKnownFileType = sourcecode.c.h; path = URLParameter.h; sourceTree = "<group>"; };
		4999DB8B23C70B5F0048F138 /* DeviceType.h */ = {isa = PBXFileReference; lastKnownFileType = sourcecode.c.h; path = DeviceType.h; sourceTree = "<group>"; };
		4999DB8D23C7163A0048F138 /* AdheseParameter.h */ = {isa = PBXFileReference; lastKnownFileType = sourcecode.c.h; path = AdheseParameter.h; sourceTree = "<group>"; };
		4999DB8F23C71C240048F138 /* Ad.h */ = {isa = PBXFileReference; lastKnownFileType = sourcecode.c.h; path = Ad.h; sourceTree = "<group>"; };
		4999DB9023C71C240048F138 /* Ad.m */ = {isa = PBXFileReference; lastKnownFileType = sourcecode.c.objc; path = Ad.m; sourceTree = "<group>"; };
		4999DB9423C73D1B0048F138 /* AdheseAPI.h */ = {isa = PBXFileReference; lastKnownFileType = sourcecode.c.h; path = AdheseAPI.h; sourceTree = "<group>"; };
		4999DB9523C73D1B0048F138 /* AdheseAPI.m */ = {isa = PBXFileReference; lastKnownFileType = sourcecode.c.objc; path = AdheseAPI.m; sourceTree = "<group>"; };
		4999DB9823C73DA60048F138 /* APIManager.h */ = {isa = PBXFileReference; lastKnownFileType = sourcecode.c.h; path = APIManager.h; sourceTree = "<group>"; };
		4999DB9923C73DA60048F138 /* APIManager.m */ = {isa = PBXFileReference; lastKnownFileType = sourcecode.c.objc; path = APIManager.m; sourceTree = "<group>"; };
		49C7F1DD23CEF52100205C19 /* AdheseError.h */ = {isa = PBXFileReference; lastKnownFileType = sourcecode.c.h; path = AdheseError.h; sourceTree = "<group>"; };
		49C7F1DE23CEF52100205C19 /* AdheseError.m */ = {isa = PBXFileReference; lastKnownFileType = sourcecode.c.objc; path = AdheseError.m; sourceTree = "<group>"; };
		49C7F1E123CEF56400205C19 /* AdheseErrorCode.h */ = {isa = PBXFileReference; lastKnownFileType = sourcecode.c.h; path = AdheseErrorCode.h; sourceTree = "<group>"; };
		49D9099623F6826E003D210B /* LICENSE */ = {isa = PBXFileReference; lastKnownFileType = text; path = LICENSE; sourceTree = "<group>"; };
		49D9099A23F689F3003D210B /* Adhese.podspec */ = {isa = PBXFileReference; lastKnownFileType = text; path = Adhese.podspec; sourceTree = SOURCE_ROOT; };
		49E3B1AD23ED67A000C3657D /* ViewUtils.h */ = {isa = PBXFileReference; lastKnownFileType = sourcecode.c.h; path = ViewUtils.h; sourceTree = "<group>"; };
		49E3B1AE23ED67A000C3657D /* ViewUtils.m */ = {isa = PBXFileReference; lastKnownFileType = sourcecode.c.objc; path = ViewUtils.m; sourceTree = "<group>"; };
		C5B3D9532539AB430016F183 /* AdheseSDKTests.xctest */ = {isa = PBXFileReference; explicitFileType = wrapper.cfbundle; includeInIndex = 0; path = AdheseSDKTests.xctest; sourceTree = BUILT_PRODUCTS_DIR; };
		C5B3D9552539AB430016F183 /* AdheseSDKTests.m */ = {isa = PBXFileReference; lastKnownFileType = sourcecode.c.objc; path = AdheseSDKTests.m; sourceTree = "<group>"; };
		C5B3D9572539AB430016F183 /* Info.plist */ = {isa = PBXFileReference; lastKnownFileType = text.plist.xml; path = Info.plist; sourceTree = "<group>"; };
		C7421DCA23FEFF730010A7C6 /* AdView.h */ = {isa = PBXFileReference; lastKnownFileType = sourcecode.c.h; path = AdView.h; sourceTree = "<group>"; };
		C7421DCB23FEFF730010A7C6 /* AdView.m */ = {isa = PBXFileReference; lastKnownFileType = sourcecode.c.objc; path = AdView.m; sourceTree = "<group>"; };
		C7421DCE23FEFFF00010A7C6 /* AdView.xib */ = {isa = PBXFileReference; lastKnownFileType = file.xib; path = AdView.xib; sourceTree = "<group>"; };
/* End PBXFileReference section */

/* Begin PBXFrameworksBuildPhase section */
		4999DB6523C5CD460048F138 /* Frameworks */ = {
			isa = PBXFrameworksBuildPhase;
			buildActionMask = 2147483647;
			files = (
			);
			runOnlyForDeploymentPostprocessing = 0;
		};
		C5B3D9502539AB430016F183 /* Frameworks */ = {
			isa = PBXFrameworksBuildPhase;
			buildActionMask = 2147483647;
			files = (
				C5B3D9582539AB430016F183 /* AdheseSDK.framework in Frameworks */,
			);
			runOnlyForDeploymentPostprocessing = 0;
		};
/* End PBXFrameworksBuildPhase section */

/* Begin PBXGroup section */
		49621A2B23CC77D200A3CBCE /* Utils */ = {
			isa = PBXGroup;
			children = (
				49621A2C23CC77E400A3CBCE /* DeviceUtils.h */,
				49621A2D23CC77E400A3CBCE /* DeviceUtils.m */,
				49621A3023CCADB400A3CBCE /* JSONUtils.h */,
				49621A3123CCADB400A3CBCE /* JSONUtils.m */,
				497B6C5423E040FB00376B4D /* FileUtils.h */,
				497B6C5523E040FB00376B4D /* FileUtils.m */,
				49E3B1AD23ED67A000C3657D /* ViewUtils.h */,
				49E3B1AE23ED67A000C3657D /* ViewUtils.m */,
			);
			path = Utils;
			sourceTree = "<group>";
		};
		49621A3423CD9CAE00A3CBCE /* UI */ = {
			isa = PBXGroup;
			children = (
				C7421DCA23FEFF730010A7C6 /* AdView.h */,
				C7421DCB23FEFF730010A7C6 /* AdView.m */,
				C7421DCE23FEFFF00010A7C6 /* AdView.xib */,
			);
			path = UI;
			sourceTree = "<group>";
		};
		49828DA223DAE330003EA345 /* Assets */ = {
			isa = PBXGroup;
			children = (
				49828DA323DAE36C003EA345 /* adhese_ad_wrapper.html */,
				497B6C5223E03F7900376B4D /* adhese_size_reporter.js */,
			);
			path = Assets;
			sourceTree = "<group>";
		};
		4999DB5E23C5CD450048F138 = {
			isa = PBXGroup;
			children = (
				4999DB6A23C5CD460048F138 /* Adhese SDK */,
				C5B3D9542539AB430016F183 /* AdheseSDKTests */,
				4999DB6923C5CD460048F138 /* Products */,
			);
			sourceTree = "<group>";
		};
		4999DB6923C5CD460048F138 /* Products */ = {
			isa = PBXGroup;
			children = (
				4999DB6823C5CD460048F138 /* AdheseSDK.framework */,
				C5B3D9532539AB430016F183 /* AdheseSDKTests.xctest */,
			);
			name = Products;
			sourceTree = "<group>";
		};
		4999DB6A23C5CD460048F138 /* Adhese SDK */ = {
			isa = PBXGroup;
			children = (
				C5B3D94925399D9C0016F183 /* Test */,
				49828DA223DAE330003EA345 /* Assets */,
				4999DB9323C720990048F138 /* API */,
				49C7F1DC23CEF3EE00205C19 /* Errors */,
				4999DB7723C5E0F80048F138 /* Logging */,
				4999DB8023C609A70048F138 /* Parameters */,
				49621A3423CD9CAE00A3CBCE /* UI */,
				49621A2B23CC77D200A3CBCE /* Utils */,
				49D9099A23F689F3003D210B /* Adhese.podspec */,
				4999DB6B23C5CD460048F138 /* AdheseSDK.h */,
				4999DB6C23C5CD460048F138 /* Info.plist */,
				4999DB8F23C71C240048F138 /* Ad.h */,
				4999DB9023C71C240048F138 /* Ad.m */,
				4999DB7323C5D8B50048F138 /* Adhese.h */,
				4999DB7423C5D8B50048F138 /* Adhese.m */,
				4999DB7C23C6067C0048F138 /* AdheseOptions.h */,
				4999DB7D23C6067C0048F138 /* AdheseOptions.m */,
				49621A1123C8842500A3CBCE /* README.md */,
				49D9099623F6826E003D210B /* LICENSE */,
			);
			path = "Adhese SDK";
			sourceTree = "<group>";
		};
		4999DB7723C5E0F80048F138 /* Logging */ = {
			isa = PBXGroup;
			children = (
				4999DB7823C5E10A0048F138 /* AdheseLogger.h */,
				4999DB7923C5E10A0048F138 /* AdheseLogger.m */,
			);
			path = Logging;
			sourceTree = "<group>";
		};
		4999DB8023C609A70048F138 /* Parameters */ = {
			isa = PBXGroup;
			children = (
				4999DB8D23C7163A0048F138 /* AdheseParameter.h */,
				4999DB8523C609D80048F138 /* CookieMode.h */,
				4999DB8123C609C40048F138 /* Device.h */,
				4999DB8223C609C40048F138 /* Device.m */,
				4999DB8B23C70B5F0048F138 /* DeviceType.h */,
				4999DB8923C60A5D0048F138 /* URLParameter.h */,
			);
			path = Parameters;
			sourceTree = "<group>";
		};
		4999DB9323C720990048F138 /* API */ = {
			isa = PBXGroup;
			children = (
				4999DB9423C73D1B0048F138 /* AdheseAPI.h */,
				4999DB9523C73D1B0048F138 /* AdheseAPI.m */,
				4999DB9823C73DA60048F138 /* APIManager.h */,
				4999DB9923C73DA60048F138 /* APIManager.m */,
				49621A2723C8AD6B00A3CBCE /* AdheseAPIResponse.h */,
				49621A2823C8AD6B00A3CBCE /* AdheseAPIResponse.m */,
			);
			path = API;
			sourceTree = "<group>";
		};
		49C7F1DC23CEF3EE00205C19 /* Errors */ = {
			isa = PBXGroup;
			children = (
				49C7F1DD23CEF52100205C19 /* AdheseError.h */,
				49C7F1DE23CEF52100205C19 /* AdheseError.m */,
				49C7F1E123CEF56400205C19 /* AdheseErrorCode.h */,
			);
			path = Errors;
			sourceTree = "<group>";
		};
		C5B3D94925399D9C0016F183 /* Test */ = {
			isa = PBXGroup;
			children = (
			);
			path = Test;
			sourceTree = "<group>";
		};
		C5B3D9542539AB430016F183 /* AdheseSDKTests */ = {
			isa = PBXGroup;
			children = (
				C5B3D9552539AB430016F183 /* AdheseSDKTests.m */,
				C5B3D9572539AB430016F183 /* Info.plist */,
			);
			path = AdheseSDKTests;
			sourceTree = "<group>";
		};
/* End PBXGroup section */

/* Begin PBXHeadersBuildPhase section */
		4999DB6323C5CD460048F138 /* Headers */ = {
			isa = PBXHeadersBuildPhase;
			buildActionMask = 2147483647;
			files = (
				4999DB7523C5D8B50048F138 /* Adhese.h in Headers */,
				49E3B1AF23ED67A000C3657D /* ViewUtils.h in Headers */,
				497B6C5623E040FB00376B4D /* FileUtils.h in Headers */,
				4999DB6D23C5CD460048F138 /* AdheseSDK.h in Headers */,
				49621A2923C8AD6B00A3CBCE /* AdheseAPIResponse.h in Headers */,
				49621A3223CCADB400A3CBCE /* JSONUtils.h in Headers */,
				4999DB7A23C5E10A0048F138 /* AdheseLogger.h in Headers */,
				49621A2E23CC77E400A3CBCE /* DeviceUtils.h in Headers */,
				49C7F1E223CEF56400205C19 /* AdheseErrorCode.h in Headers */,
				4999DB8323C609C40048F138 /* Device.h in Headers */,
				4999DB8E23C7163A0048F138 /* AdheseParameter.h in Headers */,
				4999DB8C23C70B5F0048F138 /* DeviceType.h in Headers */,
				C7421DCC23FEFF730010A7C6 /* AdView.h in Headers */,
				4999DB7E23C6067C0048F138 /* AdheseOptions.h in Headers */,
				4999DB9A23C73DA60048F138 /* APIManager.h in Headers */,
				4999DB9623C73D1B0048F138 /* AdheseAPI.h in Headers */,
				4999DB9123C71C240048F138 /* Ad.h in Headers */,
				4999DB8723C609D80048F138 /* CookieMode.h in Headers */,
				4999DB8A23C60A5D0048F138 /* URLParameter.h in Headers */,
				49C7F1DF23CEF52100205C19 /* AdheseError.h in Headers */,
			);
			runOnlyForDeploymentPostprocessing = 0;
		};
/* End PBXHeadersBuildPhase section */

/* Begin PBXNativeTarget section */
		4999DB6723C5CD460048F138 /* Adhese SDK */ = {
			isa = PBXNativeTarget;
			buildConfigurationList = 4999DB7023C5CD460048F138 /* Build configuration list for PBXNativeTarget "Adhese SDK" */;
			buildPhases = (
				4999DB6323C5CD460048F138 /* Headers */,
				4999DB6423C5CD460048F138 /* Sources */,
				4999DB6523C5CD460048F138 /* Frameworks */,
				4999DB6623C5CD460048F138 /* Resources */,
			);
			buildRules = (
			);
			dependencies = (
			);
			name = "Adhese SDK";
			productName = "Adhese SDK";
			productReference = 4999DB6823C5CD460048F138 /* AdheseSDK.framework */;
			productType = "com.apple.product-type.framework";
		};
		C5B3D9522539AB430016F183 /* AdheseSDKTests */ = {
			isa = PBXNativeTarget;
			buildConfigurationList = C5B3D95B2539AB430016F183 /* Build configuration list for PBXNativeTarget "AdheseSDKTests" */;
			buildPhases = (
				C5B3D94F2539AB430016F183 /* Sources */,
				C5B3D9502539AB430016F183 /* Frameworks */,
				C5B3D9512539AB430016F183 /* Resources */,
			);
			buildRules = (
			);
			dependencies = (
				C5B3D95A2539AB430016F183 /* PBXTargetDependency */,
			);
			name = AdheseSDKTests;
			productName = AdheseSDKTests;
			productReference = C5B3D9532539AB430016F183 /* AdheseSDKTests.xctest */;
			productType = "com.apple.product-type.bundle.unit-test";
		};
/* End PBXNativeTarget section */

/* Begin PBXProject section */
		4999DB5F23C5CD450048F138 /* Project object */ = {
			isa = PBXProject;
			attributes = {
				LastUpgradeCheck = 1130;
				ORGANIZATIONNAME = "Axel Jonckheere";
				TargetAttributes = {
					4999DB6723C5CD460048F138 = {
						CreatedOnToolsVersion = 11.3;
						LastSwiftMigration = 1130;
					};
					C5B3D9522539AB430016F183 = {
						CreatedOnToolsVersion = 11.7;
					};
				};
			};
			buildConfigurationList = 4999DB6223C5CD450048F138 /* Build configuration list for PBXProject "Adhese SDK" */;
			compatibilityVersion = "Xcode 9.3";
			developmentRegion = en;
			hasScannedForEncodings = 0;
			knownRegions = (
				en,
				Base,
			);
			mainGroup = 4999DB5E23C5CD450048F138;
			productRefGroup = 4999DB6923C5CD460048F138 /* Products */;
			projectDirPath = "";
			projectRoot = "";
			targets = (
				4999DB6723C5CD460048F138 /* Adhese SDK */,
				C5B3D9522539AB430016F183 /* AdheseSDKTests */,
			);
		};
/* End PBXProject section */

/* Begin PBXResourcesBuildPhase section */
		4999DB6623C5CD460048F138 /* Resources */ = {
			isa = PBXResourcesBuildPhase;
			buildActionMask = 2147483647;
			files = (
				C7421DCF23FEFFF00010A7C6 /* AdView.xib in Resources */,
				49D9099B23F689F3003D210B /* Adhese.podspec in Resources */,
				49D9099723F6826E003D210B /* LICENSE in Resources */,
				497B6C5323E03F7900376B4D /* adhese_size_reporter.js in Resources */,
				49828DA423DAE36C003EA345 /* adhese_ad_wrapper.html in Resources */,
			);
			runOnlyForDeploymentPostprocessing = 0;
		};
		C5B3D9512539AB430016F183 /* Resources */ = {
			isa = PBXResourcesBuildPhase;
			buildActionMask = 2147483647;
			files = (
			);
			runOnlyForDeploymentPostprocessing = 0;
		};
/* End PBXResourcesBuildPhase section */

/* Begin PBXSourcesBuildPhase section */
		4999DB6423C5CD460048F138 /* Sources */ = {
			isa = PBXSourcesBuildPhase;
			buildActionMask = 2147483647;
			files = (
				49C7F1E023CEF52100205C19 /* AdheseError.m in Sources */,
				4999DB9723C73D1B0048F138 /* AdheseAPI.m in Sources */,
				49621A2A23C8AD6B00A3CBCE /* AdheseAPIResponse.m in Sources */,
				49621A2F23CC77E400A3CBCE /* DeviceUtils.m in Sources */,
				49621A3323CCADB400A3CBCE /* JSONUtils.m in Sources */,
				C7421DCD23FEFF730010A7C6 /* AdView.m in Sources */,
				4999DB7623C5D8B50048F138 /* Adhese.m in Sources */,
				4999DB7F23C6067C0048F138 /* AdheseOptions.m in Sources */,
				497B6C5723E040FB00376B4D /* FileUtils.m in Sources */,
				4999DB9223C71C240048F138 /* Ad.m in Sources */,
				49E3B1B023ED67A000C3657D /* ViewUtils.m in Sources */,
				4999DB9B23C73DA60048F138 /* APIManager.m in Sources */,
				4999DB7B23C5E10A0048F138 /* AdheseLogger.m in Sources */,
				4999DB8423C609C40048F138 /* Device.m in Sources */,
			);
			runOnlyForDeploymentPostprocessing = 0;
		};
		C5B3D94F2539AB430016F183 /* Sources */ = {
			isa = PBXSourcesBuildPhase;
			buildActionMask = 2147483647;
			files = (
				C5B3D9562539AB430016F183 /* AdheseSDKTests.m in Sources */,
			);
			runOnlyForDeploymentPostprocessing = 0;
		};
/* End PBXSourcesBuildPhase section */

/* Begin PBXTargetDependency section */
		C5B3D95A2539AB430016F183 /* PBXTargetDependency */ = {
			isa = PBXTargetDependency;
			target = 4999DB6723C5CD460048F138 /* Adhese SDK */;
			targetProxy = C5B3D9592539AB430016F183 /* PBXContainerItemProxy */;
		};
/* End PBXTargetDependency section */

/* Begin XCBuildConfiguration section */
		4999DB6E23C5CD460048F138 /* Debug */ = {
			isa = XCBuildConfiguration;
			buildSettings = {
				ALWAYS_SEARCH_USER_PATHS = NO;
				CLANG_ANALYZER_NONNULL = YES;
				CLANG_ANALYZER_NUMBER_OBJECT_CONVERSION = YES_AGGRESSIVE;
				CLANG_CXX_LANGUAGE_STANDARD = "gnu++14";
				CLANG_CXX_LIBRARY = "libc++";
				CLANG_ENABLE_MODULES = YES;
				CLANG_ENABLE_OBJC_ARC = YES;
				CLANG_ENABLE_OBJC_WEAK = YES;
				CLANG_WARN_BLOCK_CAPTURE_AUTORELEASING = YES;
				CLANG_WARN_BOOL_CONVERSION = YES;
				CLANG_WARN_COMMA = YES;
				CLANG_WARN_CONSTANT_CONVERSION = YES;
				CLANG_WARN_DEPRECATED_OBJC_IMPLEMENTATIONS = YES;
				CLANG_WARN_DIRECT_OBJC_ISA_USAGE = YES_ERROR;
				CLANG_WARN_DOCUMENTATION_COMMENTS = YES;
				CLANG_WARN_EMPTY_BODY = YES;
				CLANG_WARN_ENUM_CONVERSION = YES;
				CLANG_WARN_INFINITE_RECURSION = YES;
				CLANG_WARN_INT_CONVERSION = YES;
				CLANG_WARN_NON_LITERAL_NULL_CONVERSION = YES;
				CLANG_WARN_OBJC_IMPLICIT_RETAIN_SELF = YES;
				CLANG_WARN_OBJC_LITERAL_CONVERSION = YES;
				CLANG_WARN_OBJC_ROOT_CLASS = YES_ERROR;
				CLANG_WARN_RANGE_LOOP_ANALYSIS = YES;
				CLANG_WARN_STRICT_PROTOTYPES = YES;
				CLANG_WARN_SUSPICIOUS_MOVE = YES;
				CLANG_WARN_UNGUARDED_AVAILABILITY = YES_AGGRESSIVE;
				CLANG_WARN_UNREACHABLE_CODE = YES;
				CLANG_WARN__DUPLICATE_METHOD_MATCH = YES;
				COPY_PHASE_STRIP = NO;
				CURRENT_PROJECT_VERSION = 1;
				DEBUG_INFORMATION_FORMAT = dwarf;
				ENABLE_STRICT_OBJC_MSGSEND = YES;
				ENABLE_TESTABILITY = YES;
				GCC_C_LANGUAGE_STANDARD = gnu11;
				GCC_DYNAMIC_NO_PIC = NO;
				GCC_NO_COMMON_BLOCKS = YES;
				GCC_OPTIMIZATION_LEVEL = 0;
				GCC_PREPROCESSOR_DEFINITIONS = (
					"DEBUG=1",
					"$(inherited)",
				);
				GCC_WARN_64_TO_32_BIT_CONVERSION = YES;
				GCC_WARN_ABOUT_RETURN_TYPE = YES_ERROR;
				GCC_WARN_UNDECLARED_SELECTOR = YES;
				GCC_WARN_UNINITIALIZED_AUTOS = YES_AGGRESSIVE;
				GCC_WARN_UNUSED_FUNCTION = YES;
				GCC_WARN_UNUSED_VARIABLE = YES;
				IPHONEOS_DEPLOYMENT_TARGET = 9.0;
				MTL_ENABLE_DEBUG_INFO = INCLUDE_SOURCE;
				MTL_FAST_MATH = YES;
				ONLY_ACTIVE_ARCH = YES;
				SDKROOT = iphoneos;
				VERSIONING_SYSTEM = "apple-generic";
				VERSION_INFO_PREFIX = "";
			};
			name = Debug;
		};
		4999DB6F23C5CD460048F138 /* Release */ = {
			isa = XCBuildConfiguration;
			buildSettings = {
				ALWAYS_SEARCH_USER_PATHS = NO;
				CLANG_ANALYZER_NONNULL = YES;
				CLANG_ANALYZER_NUMBER_OBJECT_CONVERSION = YES_AGGRESSIVE;
				CLANG_CXX_LANGUAGE_STANDARD = "gnu++14";
				CLANG_CXX_LIBRARY = "libc++";
				CLANG_ENABLE_MODULES = YES;
				CLANG_ENABLE_OBJC_ARC = YES;
				CLANG_ENABLE_OBJC_WEAK = YES;
				CLANG_WARN_BLOCK_CAPTURE_AUTORELEASING = YES;
				CLANG_WARN_BOOL_CONVERSION = YES;
				CLANG_WARN_COMMA = YES;
				CLANG_WARN_CONSTANT_CONVERSION = YES;
				CLANG_WARN_DEPRECATED_OBJC_IMPLEMENTATIONS = YES;
				CLANG_WARN_DIRECT_OBJC_ISA_USAGE = YES_ERROR;
				CLANG_WARN_DOCUMENTATION_COMMENTS = YES;
				CLANG_WARN_EMPTY_BODY = YES;
				CLANG_WARN_ENUM_CONVERSION = YES;
				CLANG_WARN_INFINITE_RECURSION = YES;
				CLANG_WARN_INT_CONVERSION = YES;
				CLANG_WARN_NON_LITERAL_NULL_CONVERSION = YES;
				CLANG_WARN_OBJC_IMPLICIT_RETAIN_SELF = YES;
				CLANG_WARN_OBJC_LITERAL_CONVERSION = YES;
				CLANG_WARN_OBJC_ROOT_CLASS = YES_ERROR;
				CLANG_WARN_RANGE_LOOP_ANALYSIS = YES;
				CLANG_WARN_STRICT_PROTOTYPES = YES;
				CLANG_WARN_SUSPICIOUS_MOVE = YES;
				CLANG_WARN_UNGUARDED_AVAILABILITY = YES_AGGRESSIVE;
				CLANG_WARN_UNREACHABLE_CODE = YES;
				CLANG_WARN__DUPLICATE_METHOD_MATCH = YES;
				COPY_PHASE_STRIP = NO;
				CURRENT_PROJECT_VERSION = 1;
				DEBUG_INFORMATION_FORMAT = "dwarf-with-dsym";
				ENABLE_NS_ASSERTIONS = NO;
				ENABLE_STRICT_OBJC_MSGSEND = YES;
				GCC_C_LANGUAGE_STANDARD = gnu11;
				GCC_NO_COMMON_BLOCKS = YES;
				GCC_WARN_64_TO_32_BIT_CONVERSION = YES;
				GCC_WARN_ABOUT_RETURN_TYPE = YES_ERROR;
				GCC_WARN_UNDECLARED_SELECTOR = YES;
				GCC_WARN_UNINITIALIZED_AUTOS = YES_AGGRESSIVE;
				GCC_WARN_UNUSED_FUNCTION = YES;
				GCC_WARN_UNUSED_VARIABLE = YES;
				IPHONEOS_DEPLOYMENT_TARGET = 9.0;
				MTL_ENABLE_DEBUG_INFO = NO;
				MTL_FAST_MATH = YES;
				SDKROOT = iphoneos;
				VALIDATE_PRODUCT = YES;
				VERSIONING_SYSTEM = "apple-generic";
				VERSION_INFO_PREFIX = "";
			};
			name = Release;
		};
		4999DB7123C5CD460048F138 /* Debug */ = {
			isa = XCBuildConfiguration;
			buildSettings = {
				CLANG_ENABLE_MODULES = YES;
				CODE_SIGN_STYLE = Automatic;
				DEFINES_MODULE = YES;
				DEVELOPMENT_TEAM = LL8E8RN35L;
				DYLIB_COMPATIBILITY_VERSION = 1;
				DYLIB_CURRENT_VERSION = 1;
				DYLIB_INSTALL_NAME_BASE = "@rpath";
				INFOPLIST_FILE = "Adhese SDK/Info.plist";
				INSTALL_PATH = "$(LOCAL_LIBRARY_DIR)/Frameworks";
				LD_RUNPATH_SEARCH_PATHS = (
					"$(inherited)",
					"@executable_path/Frameworks",
					"@loader_path/Frameworks",
				);
				MARKETING_VERSION = 1.0.6;
				PRODUCT_BUNDLE_IDENTIFIER = com.endare.adhese.sdk;
				PRODUCT_NAME = AdheseSDK;
				SKIP_INSTALL = YES;
				SWIFT_OPTIMIZATION_LEVEL = "-Onone";
				SWIFT_VERSION = 5.0;
				TARGETED_DEVICE_FAMILY = "1,2";
			};
			name = Debug;
		};
		4999DB7223C5CD460048F138 /* Release */ = {
			isa = XCBuildConfiguration;
			buildSettings = {
				CLANG_ENABLE_MODULES = YES;
				CODE_SIGN_STYLE = Automatic;
				DEFINES_MODULE = YES;
				DEVELOPMENT_TEAM = LL8E8RN35L;
				DYLIB_COMPATIBILITY_VERSION = 1;
				DYLIB_CURRENT_VERSION = 1;
				DYLIB_INSTALL_NAME_BASE = "@rpath";
				INFOPLIST_FILE = "Adhese SDK/Info.plist";
				INSTALL_PATH = "$(LOCAL_LIBRARY_DIR)/Frameworks";
				LD_RUNPATH_SEARCH_PATHS = (
					"$(inherited)",
					"@executable_path/Frameworks",
					"@loader_path/Frameworks",
				);
				MARKETING_VERSION = 1.0.6;
				PRODUCT_BUNDLE_IDENTIFIER = com.endare.adhese.sdk;
				PRODUCT_NAME = AdheseSDK;
				SKIP_INSTALL = YES;
				SWIFT_VERSION = 5.0;
				TARGETED_DEVICE_FAMILY = "1,2";
			};
			name = Release;
		};
		C5B3D95C2539AB430016F183 /* Debug */ = {
			isa = XCBuildConfiguration;
			buildSettings = {
				CODE_SIGN_STYLE = Automatic;
				INFOPLIST_FILE = AdheseSDKTests/Info.plist;
				IPHONEOS_DEPLOYMENT_TARGET = 13.7;
				LD_RUNPATH_SEARCH_PATHS = (
					"$(inherited)",
					"@executable_path/Frameworks",
					"@loader_path/Frameworks",
				);
				PRODUCT_BUNDLE_IDENTIFIER = Adhese.AdheseSDKTests;
				PRODUCT_NAME = "$(TARGET_NAME)";
				TARGETED_DEVICE_FAMILY = "1,2";
			};
			name = Debug;
		};
		C5B3D95D2539AB430016F183 /* Release */ = {
			isa = XCBuildConfiguration;
			buildSettings = {
				CODE_SIGN_STYLE = Automatic;
				INFOPLIST_FILE = AdheseSDKTests/Info.plist;
				IPHONEOS_DEPLOYMENT_TARGET = 13.7;
				LD_RUNPATH_SEARCH_PATHS = (
					"$(inherited)",
					"@executable_path/Frameworks",
					"@loader_path/Frameworks",
				);
				PRODUCT_BUNDLE_IDENTIFIER = Adhese.AdheseSDKTests;
				PRODUCT_NAME = "$(TARGET_NAME)";
				TARGETED_DEVICE_FAMILY = "1,2";
			};
			name = Release;
		};
/* End XCBuildConfiguration section */

/* Begin XCConfigurationList section */
		4999DB6223C5CD450048F138 /* Build configuration list for PBXProject "Adhese SDK" */ = {
			isa = XCConfigurationList;
			buildConfigurations = (
				4999DB6E23C5CD460048F138 /* Debug */,
				4999DB6F23C5CD460048F138 /* Release */,
			);
			defaultConfigurationIsVisible = 0;
			defaultConfigurationName = Release;
		};
		4999DB7023C5CD460048F138 /* Build configuration list for PBXNativeTarget "Adhese SDK" */ = {
			isa = XCConfigurationList;
			buildConfigurations = (
				4999DB7123C5CD460048F138 /* Debug */,
				4999DB7223C5CD460048F138 /* Release */,
			);
			defaultConfigurationIsVisible = 0;
			defaultConfigurationName = Release;
		};
		C5B3D95B2539AB430016F183 /* Build configuration list for PBXNativeTarget "AdheseSDKTests" */ = {
			isa = XCConfigurationList;
			buildConfigurations = (
				C5B3D95C2539AB430016F183 /* Debug */,
				C5B3D95D2539AB430016F183 /* Release */,
			);
			defaultConfigurationIsVisible = 0;
			defaultConfigurationName = Release;
		};
/* End XCConfigurationList section */
	};
	rootObject = 4999DB5F23C5CD450048F138 /* Project object */;
}
